
Microsoft Visual Studio Solution File, Format Version 12.00
# Visual Studio Version 17
VisualStudioVersion = 17.5.002.0
MinimumVisualStudioVersion = 10.0.40219.1
Project("{9A19103F-16F7-4668-BE54-9A1E7A4F7556}") = "ToDoAPI", "ToDoAPI.csproj", "{9746AE09-A4D3-4395-B09C-6240ED3BC21B}"
EndProject
Global
	GlobalSection(SolutionConfigurationPlatforms) = preSolution
		Debug|Any CPU = Debug|Any CPU
		Release|Any CPU = Release|Any CPU
	EndGlobalSection
	GlobalSection(ProjectConfigurationPlatforms) = postSolution
		{9746AE09-A4D3-4395-B09C-6240ED3BC21B}.Debug|Any CPU.ActiveCfg = Debug|Any CPU
		{9746AE09-A4D3-4395-B09C-6240ED3BC21B}.Debug|Any CPU.Build.0 = Debug|Any CPU
		{9746AE09-A4D3-4395-B09C-6240ED3BC21B}.Release|Any CPU.ActiveCfg = Release|Any CPU
		{9746AE09-A4D3-4395-B09C-6240ED3BC21B}.Release|Any CPU.Build.0 = Release|Any CPU
	EndGlobalSection
	GlobalSection(SolutionProperties) = preSolution
		HideSolutionNode = FALSE
	EndGlobalSection
	GlobalSection(ExtensibilityGlobals) = postSolution
		SolutionGuid = {9D2B5F1F-25D7-4B2E-960B-46ABADD8ACEC}
	EndGlobalSection
EndGlobal
